
Microsoft Visual Studio Solution File, Format Version 12.00
# Visual Studio Version 17
VisualStudioVersion = 17.4.33205.214
MinimumVisualStudioVersion = 10.0.40219.1
Project("{FAE04EC0-301F-11D3-BF4B-00C04F79EFBC}") = "testProceduce", "testProceduce\testProceduce.csproj", "{DF624707-E212-4A76-9543-8F5E80DC5D0F}"
EndProject
Global
	GlobalSection(SolutionConfigurationPlatforms) = preSolution
		Debug|Any CPU = Debug|Any CPU
		Release|Any CPU = Release|Any CPU
	EndGlobalSection
	GlobalSection(ProjectConfigurationPlatforms) = postSolution
		{DF624707-E212-4A76-9543-8F5E80DC5D0F}.Debug|Any CPU.ActiveCfg = Debug|Any CPU
		{DF624707-E212-4A76-9543-8F5E80DC5D0F}.Debug|Any CPU.Build.0 = Debug|Any CPU
		{DF624707-E212-4A76-9543-8F5E80DC5D0F}.Release|Any CPU.ActiveCfg = Release|Any CPU
		{DF624707-E212-4A76-9543-8F5E80DC5D0F}.Release|Any CPU.Build.0 = Release|Any CPU
	EndGlobalSection
	GlobalSection(SolutionProperties) = preSolution
		HideSolutionNode = FALSE
	EndGlobalSection
	GlobalSection(ExtensibilityGlobals) = postSolution
		SolutionGuid = {B6EADFF1-B7F4-4394-A05F-F3EBF5779A30}
	EndGlobalSection
EndGlobal
